// !$*UTF8*$!
{
	archiveVersion = 1;
	classes = {
	};
	objectVersion = 46;
	objects = {

/* Begin PBXBuildFile section */
		185330A0153BC005008FC663 /* UIKit.framework in Frameworks */ = {isa = PBXBuildFile; fileRef = 1853309F153BC005008FC663 /* UIKit.framework */; };
		185330A2153BC005008FC663 /* Foundation.framework in Frameworks */ = {isa = PBXBuildFile; fileRef = 185330A1153BC005008FC663 /* Foundation.framework */; };
		185330A4153BC005008FC663 /* CoreGraphics.framework in Frameworks */ = {isa = PBXBuildFile; fileRef = 185330A3153BC005008FC663 /* CoreGraphics.framework */; };
		185330AA153BC005008FC663 /* InfoPlist.strings in Resources */ = {isa = PBXBuildFile; fileRef = 185330A8153BC005008FC663 /* InfoPlist.strings */; };
		185330AC153BC005008FC663 /* main.m in Sources */ = {isa = PBXBuildFile; fileRef = 185330AB153BC005008FC663 /* main.m */; };
		185330B0153BC005008FC663 /* QRKitAppDelegate.m in Sources */ = {isa = PBXBuildFile; fileRef = 185330AF153BC005008FC663 /* QRKitAppDelegate.m */; };
		185330B3153BC005008FC663 /* QRKitViewController.m in Sources */ = {isa = PBXBuildFile; fileRef = 185330B2153BC005008FC663 /* QRKitViewController.m */; };
		185330B6153BC005008FC663 /* QRKitViewController_iPhone.xib in Resources */ = {isa = PBXBuildFile; fileRef = 185330B4153BC005008FC663 /* QRKitViewController_iPhone.xib */; };
		185330B9153BC005008FC663 /* QRKitViewController_iPad.xib in Resources */ = {isa = PBXBuildFile; fileRef = 185330B7153BC005008FC663 /* QRKitViewController_iPad.xib */; };
/* End PBXBuildFile section */

/* Begin PBXFileReference section */
		1853309B153BC004008FC663 /* QRKit.app */ = {isa = PBXFileReference; explicitFileType = wrapper.application; includeInIndex = 0; path = QRKit.app; sourceTree = BUILT_PRODUCTS_DIR; };
		1853309F153BC005008FC663 /* UIKit.framework */ = {isa = PBXFileReference; lastKnownFileType = wrapper.framework; name = UIKit.framework; path = System/Library/Frameworks/UIKit.framework; sourceTree = SDKROOT; };
		185330A1153BC005008FC663 /* Foundation.framework */ = {isa = PBXFileReference; lastKnownFileType = wrapper.framework; name = Foundation.framework; path = System/Library/Frameworks/Foundation.framework; sourceTree = SDKROOT; };
		185330A3153BC005008FC663 /* CoreGraphics.framework */ = {isa = PBXFileReference; lastKnownFileType = wrapper.framework; name = CoreGraphics.framework; path = System/Library/Frameworks/CoreGraphics.framework; sourceTree = SDKROOT; };
		185330A7153BC005008FC663 /* QRKit-Info.plist */ = {isa = PBXFileReference; path = "QRKit-Info.plist"; sourceTree = "<group>"; };
		185330A9153BC005008FC663 /* en */ = {isa = PBXFileReference; lastKnownFileType = text.plist.strings; name = en; path = en.lproj/InfoPlist.strings; sourceTree = "<group>"; };
		185330AB153BC005008FC663 /* main.m */ = {isa = PBXFileReference; lastKnownFileType = sourcecode.c.objc; path = main.m; sourceTree = "<group>"; };
		185330AD153BC005008FC663 /* QRKit-Prefix.pch */ = {isa = PBXFileReference; path = "QRKit-Prefix.pch"; sourceTree = "<group>"; };
		185330AE153BC005008FC663 /* QRKitAppDelegate.h */ = {isa = PBXFileReference; path = QRKitAppDelegate.h; sourceTree = "<group>"; };
		185330AF153BC005008FC663 /* QRKitAppDelegate.m */ = {isa = PBXFileReference; lastKnownFileType = sourcecode.c.objc; path = QRKitAppDelegate.m; sourceTree = "<group>"; };
		185330B1153BC005008FC663 /* QRKitViewController.h */ = {isa = PBXFileReference; path = QRKitViewController.h; sourceTree = "<group>"; };
		185330B2153BC005008FC663 /* QRKitViewController.m */ = {isa = PBXFileReference; lastKnownFileType = sourcecode.c.objc; path = QRKitViewController.m; sourceTree = "<group>"; };
		185330B5153BC005008FC663 /* en */ = {isa = PBXFileReference; lastKnownFileType = file.xib; name = en; path = en.lproj/QRKitViewController_iPhone.xib; sourceTree = "<group>"; };
		185330B8153BC005008FC663 /* en */ = {isa = PBXFileReference; lastKnownFileType = file.xib; name = en; path = en.lproj/QRKitViewController_iPad.xib; sourceTree = "<group>"; };
/* End PBXFileReference section */

/* Begin PBXFrameworksBuildPhase section */
		18533098153BC004008FC663 /* Frameworks */ = {
			isa = PBXFrameworksBuildPhase;
			buildActionMask = 2147483647;
			files = (
				185330A0153BC005008FC663 /* UIKit.framework in Frameworks */,
				185330A2153BC005008FC663 /* Foundation.framework in Frameworks */,
				185330A4153BC005008FC663 /* CoreGraphics.framework in Frameworks */,
			);
			runOnlyForDeploymentPostprocessing = 0;
		};
/* End PBXFrameworksBuildPhase section */

/* Begin PBXGroup section */
		18533090153BC004008FC663 = {
			isa = PBXGroup;
			children = (
				185330A5153BC005008FC663 /* QRKit */,
				1853309E153BC005008FC663 /* Frameworks */,
				1853309C153BC004008FC663 /* Products */,
			);
			sourceTree = "<group>";
		};
		1853309C153BC004008FC663 /* Products */ = {
			isa = PBXGroup;
			children = (
				1853309B153BC004008FC663 /* QRKit.app */,
			);
			name = Products;
			sourceTree = "<group>";
		};
		1853309E153BC005008FC663 /* Frameworks */ = {
			isa = PBXGroup;
			children = (
				1853309F153BC005008FC663 /* UIKit.framework */,
				185330A1153BC005008FC663 /* Foundation.framework */,
				185330A3153BC005008FC663 /* CoreGraphics.framework */,
			);
			name = Frameworks;
			sourceTree = "<group>";
		};
		185330A5153BC005008FC663 /* QRKit */ = {
			isa = PBXGroup;
			children = (
				185330AE153BC005008FC663 /* QRKitAppDelegate.h */,
				185330AF153BC005008FC663 /* QRKitAppDelegate.m */,
				185330B1153BC005008FC663 /* QRKitViewController.h */,
				185330B2153BC005008FC663 /* QRKitViewController.m */,
				185330B4153BC005008FC663 /* QRKitViewController_iPhone.xib */,
				185330B7153BC005008FC663 /* QRKitViewController_iPad.xib */,
				185330A6153BC005008FC663 /* Supporting Files */,
			);
			path = QRKit;
			sourceTree = "<group>";
		};
		185330A6153BC005008FC663 /* Supporting Files */ = {
			isa = PBXGroup;
			children = (
				185330A7153BC005008FC663 /* QRKit-Info.plist */,
				185330A8153BC005008FC663 /* InfoPlist.strings */,
				185330AB153BC005008FC663 /* main.m */,
				185330AD153BC005008FC663 /* QRKit-Prefix.pch */,
			);
			name = "Supporting Files";
			sourceTree = "<group>";
		};
/* End PBXGroup section */

/* Begin PBXNativeTarget section */
		1853309A153BC004008FC663 /* QRKit */ = {
			isa = PBXNativeTarget;
			buildConfigurationList = 185330BC153BC005008FC663 /* Build configuration list for PBXNativeTarget "QRKit" */;
			buildPhases = (
				18533097153BC004008FC663 /* Sources */,
				18533098153BC004008FC663 /* Frameworks */,
				18533099153BC004008FC663 /* Resources */,
			);
			buildRules = (
			);
			dependencies = (
			);
			name = QRKit;
			productName = QRKit;
			productReference = 1853309B153BC004008FC663 /* QRKit.app */;
			productType = "com.apple.product-type.application";
		};
/* End PBXNativeTarget section */

/* Begin PBXProject section */
		18533092153BC004008FC663 /* Project object */ = {
			isa = PBXProject;
			attributes = {
				LastUpgradeCheck = 0420;
			};
			buildConfigurationList = 18533095153BC004008FC663 /* Build configuration list for PBXProject "QRKit" */;
			compatibilityVersion = "Xcode 3.2";
			developmentRegion = English;
			hasScannedForEncodings = 0;
			knownRegions = (
				en,
			);
			mainGroup = 18533090153BC004008FC663;
			productRefGroup = 1853309C153BC004008FC663 /* Products */;
			projectDirPath = "";
			projectRoot = "";
			targets = (
				1853309A153BC004008FC663 /* QRKit */,
			);
		};
/* End PBXProject section */

/* Begin PBXResourcesBuildPhase section */
		18533099153BC004008FC663 /* Resources */ = {
			isa = PBXResourcesBuildPhase;
			buildActionMask = 2147483647;
			files = (
				185330AA153BC005008FC663 /* InfoPlist.strings in Resources */,
				185330B6153BC005008FC663 /* QRKitViewController_iPhone.xib in Resources */,
				185330B9153BC005008FC663 /* QRKitViewController_iPad.xib in Resources */,
			);
			runOnlyForDeploymentPostprocessing = 0;
		};
/* End PBXResourcesBuildPhase section */

/* Begin PBXSourcesBuildPhase section */
		18533097153BC004008FC663 /* Sources */ = {
			isa = PBXSourcesBuildPhase;
			buildActionMask = 2147483647;
			files = (
				185330AC153BC005008FC663 /* main.m in Sources */,
				185330B0153BC005008FC663 /* QRKitAppDelegate.m in Sources */,
				185330B3153BC005008FC663 /* QRKitViewController.m in Sources */,
			);
			runOnlyForDeploymentPostprocessing = 0;
		};
/* End PBXSourcesBuildPhase section */

/* Begin PBXVariantGroup section */
		185330A8153BC005008FC663 /* InfoPlist.strings */ = {
			isa = PBXVariantGroup;
			children = (
				185330A9153BC005008FC663 /* en */,
			);
			name = InfoPlist.strings;
			sourceTree = "<group>";
		};
		185330B4153BC005008FC663 /* QRKitViewController_iPhone.xib */ = {
			isa = PBXVariantGroup;
			children = (
				185330B5153BC005008FC663 /* en */,
			);
			name = QRKitViewController_iPhone.xib;
			sourceTree = "<group>";
		};
		185330B7153BC005008FC663 /* QRKitViewController_iPad.xib */ = {
			isa = PBXVariantGroup;
			children = (
				185330B8153BC005008FC663 /* en */,
			);
			name = QRKitViewController_iPad.xib;
			sourceTree = "<group>";
		};
/* End PBXVariantGroup section */

/* Begin XCBuildConfiguration section */
		185330BA153BC005008FC663 /* Debug */ = {
			isa = XCBuildConfiguration;
			buildSettings = {
				ALWAYS_SEARCH_USER_PATHS = NO;
				ARCHS = "$(ARCHS_STANDARD_32_BIT)";
				"CODE_SIGN_IDENTITY[sdk=iphoneos*]" = "iPhone Developer";
				COPY_PHASE_STRIP = NO;
				GCC_C_LANGUAGE_STANDARD = gnu99;
				GCC_DYNAMIC_NO_PIC = NO;
				GCC_OPTIMIZATION_LEVEL = 0;
				GCC_PREPROCESSOR_DEFINITIONS = (
					"DEBUG=1",
					"$(inherited)",
				);
				GCC_SYMBOLS_PRIVATE_EXTERN = NO;
				GCC_VERSION = com.apple.compilers.llvm.clang.1_0;
				GCC_WARN_ABOUT_MISSING_PROTOTYPES = YES;
				GCC_WARN_ABOUT_RETURN_TYPE = YES;
				GCC_WARN_UNUSED_VARIABLE = YES;
				IPHONEOS_DEPLOYMENT_TARGET = 5.0;
				SDKROOT = iphoneos;
				TARGETED_DEVICE_FAMILY = "1,2";
			};
			name = Debug;
		};
		185330BB153BC005008FC663 /* Release */ = {
			isa = XCBuildConfiguration;
			buildSettings = {
				ALWAYS_SEARCH_USER_PATHS = NO;
				ARCHS = "$(ARCHS_STANDARD_32_BIT)";
				"CODE_SIGN_IDENTITY[sdk=iphoneos*]" = "iPhone Developer";
				COPY_PHASE_STRIP = YES;
				GCC_C_LANGUAGE_STANDARD = gnu99;
				GCC_VERSION = com.apple.compilers.llvm.clang.1_0;
				GCC_WARN_ABOUT_MISSING_PROTOTYPES = YES;
				GCC_WARN_ABOUT_RETURN_TYPE = YES;
				GCC_WARN_UNUSED_VARIABLE = YES;
				IPHONEOS_DEPLOYMENT_TARGET = 5.0;
				OTHER_CFLAGS = "-DNS_BLOCK_ASSERTIONS=1";
				SDKROOT = iphoneos;
				TARGETED_DEVICE_FAMILY = "1,2";
				VALIDATE_PRODUCT = YES;
			};
			name = Release;
		};
		185330BD153BC005008FC663 /* Debug */ = {
			isa = XCBuildConfiguration;
			buildSettings = {
				GCC_PRECOMPILE_PREFIX_HEADER = YES;
				GCC_PREFIX_HEADER = "QRKit/QRKit-Prefix.pch";
				INFOPLIST_FILE = "QRKit/QRKit-Info.plist";
				PRODUCT_NAME = "$(TARGET_NAME)";
				WRAPPER_EXTENSION = app;
			};
			name = Debug;
		};
		185330BE153BC005008FC663 /* Release */ = {
			isa = XCBuildConfiguration;
			buildSettings = {
				GCC_PRECOMPILE_PREFIX_HEADER = YES;
				GCC_PREFIX_HEADER = "QRKit/QRKit-Prefix.pch";
				INFOPLIST_FILE = "QRKit/QRKit-Info.plist";
				PRODUCT_NAME = "$(TARGET_NAME)";
				WRAPPER_EXTENSION = app;
			};
			name = Release;
		};
/* End XCBuildConfiguration section */

/* Begin XCConfigurationList section */
		18533095153BC004008FC663 /* Build configuration list for PBXProject "QRKit" */ = {
			isa = XCConfigurationList;
			buildConfigurations = (
				185330BA153BC005008FC663 /* Debug */,
				185330BB153BC005008FC663 /* Release */,
			);
			defaultConfigurationIsVisible = 0;
			defaultConfigurationName = Release;
		};
		185330BC153BC005008FC663 /* Build configuration list for PBXNativeTarget "QRKit" */ = {
			isa = XCConfigurationList;
			buildConfigurations = (
				185330BD153BC005008FC663 /* Debug */,
				185330BE153BC005008FC663 /* Release */,
			);
			defaultConfigurationIsVisible = 0;
		};
/* End XCConfigurationList section */
	};
	rootObject = 18533092153BC004008FC663 /* Project object */;
}
